PODS:
  - SoftUI (0.0.4):
    - SoftUI/All (= 0.0.4)
  - SoftUI/All (0.0.4):
    - SoftUI/Buttons
    - SoftUI/Cards
    - SoftUI/Core
  - SoftUI/Buttons (0.0.4):
    - SoftUI/Core
  - SoftUI/Cards (0.0.4):
    - SoftUI/Core
  - SoftUI/Core (0.0.4)

DEPENDENCIES:
  - SoftUI (from `../`)

EXTERNAL SOURCES:
  SoftUI:
    :path: "../"

SPEC CHECKSUMS:
  SoftUI: c47c1e008734e8a89f4326ce4d0a43ed5e0e2f68

PODFILE CHECKSUM: 209aeb38f7c70eee9d5767baa436cc8caa13acab

COCOAPODS: 1.9.3
