// !$*UTF8*$!
{
	archiveVersion = 1;
	classes = {
	};
	objectVersion = 50;
	objects = {

/* Begin PBXBuildFile section */
		CA17645824014EF500770162 /* SoftButton.swift in Sources */ = {isa = PBXBuildFile; fileRef = CA17645724014EF500770162 /* SoftButton.swift */; };
		CA17645B2401597600770162 /* SoftUI.podspec in Resources */ = {isa = PBXBuildFile; fileRef = CA17645A2401597600770162 /* SoftUI.podspec */; };
		CA249165240016AC00C7465C /* SoftUI.framework in Frameworks */ = {isa = PBXBuildFile; fileRef = CA24915B240016AC00C7465C /* SoftUI.framework */; };
		CA24916A240016AC00C7465C /* SoftUITests.swift in Sources */ = {isa = PBXBuildFile; fileRef = CA249169240016AC00C7465C /* SoftUITests.swift */; };
		CA24916C240016AC00C7465C /* SoftUI.h in Headers */ = {isa = PBXBuildFile; fileRef = CA24915E240016AC00C7465C /* SoftUI.h */; settings = {ATTRIBUTES = (Public, ); }; };
		CA24917B24001FEB00C7465C /* UIView+SoftUI.swift in Sources */ = {isa = PBXBuildFile; fileRef = CA24917A24001FEB00C7465C /* UIView+SoftUI.swift */; };
		CA2491AE24002A6F00C7465C /* Enums.swift in Sources */ = {isa = PBXBuildFile; fileRef = CA2491AD24002A6F00C7465C /* Enums.swift */; };
		CA2491B024002B9700C7465C /* CALayer+SoftUI.swift in Sources */ = {isa = PBXBuildFile; fileRef = CA2491AF24002B9700C7465C /* CALayer+SoftUI.swift */; };
		CA57D0DC248A42D200D6D1B5 /* SoftCard.swift in Sources */ = {isa = PBXBuildFile; fileRef = CA57D0DB248A42D200D6D1B5 /* SoftCard.swift */; };
		CA57D0DE248A431F00D6D1B5 /* SoftCard.xib in Resources */ = {isa = PBXBuildFile; fileRef = CA57D0DD248A431F00D6D1B5 /* SoftCard.xib */; };
		CA57D0E7248A738500D6D1B5 /* SoftCardItem.swift in Sources */ = {isa = PBXBuildFile; fileRef = CA57D0E5248A738500D6D1B5 /* SoftCardItem.swift */; };
		CA57D0E8248A738500D6D1B5 /* SoftCardItem.xib in Resources */ = {isa = PBXBuildFile; fileRef = CA57D0E6248A738500D6D1B5 /* SoftCardItem.xib */; };
/* End PBXBuildFile section */

/* Begin PBXContainerItemProxy section */
		CA249166240016AC00C7465C /* PBXContainerItemProxy */ = {
			isa = PBXContainerItemProxy;
			containerPortal = CA249152240016AC00C7465C /* Project object */;
			proxyType = 1;
			remoteGlobalIDString = CA24915A240016AC00C7465C;
			remoteInfo = SoftUI;
		};
/* End PBXContainerItemProxy section */

/* Begin PBXFileReference section */
		CA17645724014EF500770162 /* SoftButton.swift */ = {isa = PBXFileReference; lastKnownFileType = sourcecode.swift; path = SoftButton.swift; sourceTree = "<group>"; };
		CA17645A2401597600770162 /* SoftUI.podspec */ = {isa = PBXFileReference; fileEncoding = 4; lastKnownFileType = text; name = SoftUI.podspec; path = ../SoftUI.podspec; sourceTree = "<group>"; xcLanguageSpecificationIdentifier = xcode.lang.ruby; };
		CA24915B240016AC00C7465C /* SoftUI.framework */ = {isa = PBXFileReference; explicitFileType = wrapper.framework; includeInIndex = 0; path = SoftUI.framework; sourceTree = BUILT_PRODUCTS_DIR; };
		CA24915E240016AC00C7465C /* SoftUI.h */ = {isa = PBXFileReference; lastKnownFileType = sourcecode.c.h; path = SoftUI.h; sourceTree = "<group>"; };
		CA24915F240016AC00C7465C /* Info.plist */ = {isa = PBXFileReference; lastKnownFileType = text.plist.xml; path = Info.plist; sourceTree = "<group>"; };
		CA249164240016AC00C7465C /* SoftUITests.xctest */ = {isa = PBXFileReference; explicitFileType = wrapper.cfbundle; includeInIndex = 0; path = SoftUITests.xctest; sourceTree = BUILT_PRODUCTS_DIR; };
		CA249169240016AC00C7465C /* SoftUITests.swift */ = {isa = PBXFileReference; lastKnownFileType = sourcecode.swift; path = SoftUITests.swift; sourceTree = "<group>"; };
		CA24916B240016AC00C7465C /* Info.plist */ = {isa = PBXFileReference; lastKnownFileType = text.plist.xml; path = Info.plist; sourceTree = "<group>"; };
		CA24917A24001FEB00C7465C /* UIView+SoftUI.swift */ = {isa = PBXFileReference; lastKnownFileType = sourcecode.swift; path = "UIView+SoftUI.swift"; sourceTree = "<group>"; };
		CA2491AD24002A6F00C7465C /* Enums.swift */ = {isa = PBXFileReference; lastKnownFileType = sourcecode.swift; path = Enums.swift; sourceTree = "<group>"; };
		CA2491AF24002B9700C7465C /* CALayer+SoftUI.swift */ = {isa = PBXFileReference; lastKnownFileType = sourcecode.swift; path = "CALayer+SoftUI.swift"; sourceTree = "<group>"; };
		CA57D0DB248A42D200D6D1B5 /* SoftCard.swift */ = {isa = PBXFileReference; lastKnownFileType = sourcecode.swift; path = SoftCard.swift; sourceTree = "<group>"; };
		CA57D0DD248A431F00D6D1B5 /* SoftCard.xib */ = {isa = PBXFileReference; lastKnownFileType = file.xib; path = SoftCard.xib; sourceTree = "<group>"; };
		CA57D0E5248A738500D6D1B5 /* SoftCardItem.swift */ = {isa = PBXFileReference; lastKnownFileType = sourcecode.swift; path = SoftCardItem.swift; sourceTree = "<group>"; };
		CA57D0E6248A738500D6D1B5 /* SoftCardItem.xib */ = {isa = PBXFileReference; lastKnownFileType = file.xib; path = SoftCardItem.xib; sourceTree = "<group>"; };
/* End PBXFileReference section */

/* Begin PBXFrameworksBuildPhase section */
		CA249158240016AC00C7465C /* Frameworks */ = {
			isa = PBXFrameworksBuildPhase;
			buildActionMask = 2147483647;
			files = (
			);
			runOnlyForDeploymentPostprocessing = 0;
		};
		CA249161240016AC00C7465C /* Frameworks */ = {
			isa = PBXFrameworksBuildPhase;
			buildActionMask = 2147483647;
			files = (
				CA249165240016AC00C7465C /* SoftUI.framework in Frameworks */,
			);
			runOnlyForDeploymentPostprocessing = 0;
		};
/* End PBXFrameworksBuildPhase section */

/* Begin PBXGroup section */
		CA17645C2401645C00770162 /* Frameworks */ = {
			isa = PBXGroup;
			children = (
			);
			name = Frameworks;
			sourceTree = "<group>";
		};
		CA249151240016AC00C7465C = {
			isa = PBXGroup;
			children = (
				CA17645A2401597600770162 /* SoftUI.podspec */,
				CA24915D240016AC00C7465C /* SoftUI */,
				CA249168240016AC00C7465C /* SoftUITests */,
				CA24915C240016AC00C7465C /* Products */,
				CA17645C2401645C00770162 /* Frameworks */,
			);
			sourceTree = "<group>";
		};
		CA24915C240016AC00C7465C /* Products */ = {
			isa = PBXGroup;
			children = (
				CA24915B240016AC00C7465C /* SoftUI.framework */,
				CA249164240016AC00C7465C /* SoftUITests.xctest */,
			);
			name = Products;
			sourceTree = "<group>";
		};
		CA24915D240016AC00C7465C /* SoftUI */ = {
			isa = PBXGroup;
			children = (
				CA249175240016CC00C7465C /* Core */,
				CA24917824001FA800C7465C /* Controls */,
				CA24915E240016AC00C7465C /* SoftUI.h */,
				CA24915F240016AC00C7465C /* Info.plist */,
			);
			path = SoftUI;
			sourceTree = "<group>";
		};
		CA249168240016AC00C7465C /* SoftUITests */ = {
			isa = PBXGroup;
			children = (
				CA249169240016AC00C7465C /* SoftUITests.swift */,
				CA24916B240016AC00C7465C /* Info.plist */,
			);
			path = SoftUITests;
			sourceTree = "<group>";
		};
		CA249175240016CC00C7465C /* Core */ = {
			isa = PBXGroup;
			children = (
				CA24917924001FC400C7465C /* Shared */,
			);
			path = Core;
			sourceTree = "<group>";
		};
		CA24917824001FA800C7465C /* Controls */ = {
			isa = PBXGroup;
			children = (
				CA57D0DA248A422A00D6D1B5 /* Cards */,
				CA2491AC240029EF00C7465C /* Buttons */,
			);
			path = Controls;
			sourceTree = "<group>";
		};
		CA24917924001FC400C7465C /* Shared */ = {
			isa = PBXGroup;
			children = (
				CA2491AD24002A6F00C7465C /* Enums.swift */,
				CA2491AF24002B9700C7465C /* CALayer+SoftUI.swift */,
				CA24917A24001FEB00C7465C /* UIView+SoftUI.swift */,
			);
			path = Shared;
			sourceTree = "<group>";
		};
		CA2491AC240029EF00C7465C /* Buttons */ = {
			isa = PBXGroup;
			children = (
				CA17645724014EF500770162 /* SoftButton.swift */,
			);
			path = Buttons;
			sourceTree = "<group>";
		};
		CA57D0DA248A422A00D6D1B5 /* Cards */ = {
			isa = PBXGroup;
			children = (
				CA57D0E4248A736600D6D1B5 /* Items */,
				CA57D0DB248A42D200D6D1B5 /* SoftCard.swift */,
				CA57D0DD248A431F00D6D1B5 /* SoftCard.xib */,
			);
			path = Cards;
			sourceTree = "<group>";
		};
		CA57D0E4248A736600D6D1B5 /* Items */ = {
			isa = PBXGroup;
			children = (
				CA57D0E5248A738500D6D1B5 /* SoftCardItem.swift */,
				CA57D0E6248A738500D6D1B5 /* SoftCardItem.xib */,
			);
			name = Items;
			path = Templates;
			sourceTree = "<group>";
		};
/* End PBXGroup section */

/* Begin PBXHeadersBuildPhase section */
		CA249156240016AC00C7465C /* Headers */ = {
			isa = PBXHeadersBuildPhase;
			buildActionMask = 2147483647;
			files = (
				CA24916C240016AC00C7465C /* SoftUI.h in Headers */,
			);
			runOnlyForDeploymentPostprocessing = 0;
		};
/* End PBXHeadersBuildPhase section */

/* Begin PBXNativeTarget section */
		CA24915A240016AC00C7465C /* SoftUI */ = {
			isa = PBXNativeTarget;
			buildConfigurationList = CA24916F240016AC00C7465C /* Build configuration list for PBXNativeTarget "SoftUI" */;
			buildPhases = (
				CA249156240016AC00C7465C /* Headers */,
				CA249157240016AC00C7465C /* Sources */,
				CA249158240016AC00C7465C /* Frameworks */,
				CA249159240016AC00C7465C /* Resources */,
				CA2491B12400316700C7465C /* ShellScript */,
			);
			buildRules = (
			);
			dependencies = (
			);
			name = SoftUI;
			productName = SoftUI;
			productReference = CA24915B240016AC00C7465C /* SoftUI.framework */;
			productType = "com.apple.product-type.framework";
		};
		CA249163240016AC00C7465C /* SoftUITests */ = {
			isa = PBXNativeTarget;
			buildConfigurationList = CA249172240016AC00C7465C /* Build configuration list for PBXNativeTarget "SoftUITests" */;
			buildPhases = (
				CA249160240016AC00C7465C /* Sources */,
				CA249161240016AC00C7465C /* Frameworks */,
				CA249162240016AC00C7465C /* Resources */,
			);
			buildRules = (
			);
			dependencies = (
				CA249167240016AC00C7465C /* PBXTargetDependency */,
			);
			name = SoftUITests;
			productName = SoftUITests;
			productReference = CA249164240016AC00C7465C /* SoftUITests.xctest */;
			productType = "com.apple.product-type.bundle.unit-test";
		};
/* End PBXNativeTarget section */

/* Begin PBXProject section */
		CA249152240016AC00C7465C /* Project object */ = {
			isa = PBXProject;
			attributes = {
				LastSwiftUpdateCheck = 1130;
				LastUpgradeCheck = 1130;
				ORGANIZATIONNAME = hellc;
				TargetAttributes = {
					CA24915A240016AC00C7465C = {
						CreatedOnToolsVersion = 11.3.1;
						LastSwiftMigration = 1130;
					};
					CA249163240016AC00C7465C = {
						CreatedOnToolsVersion = 11.3.1;
					};
				};
			};
			buildConfigurationList = CA249155240016AC00C7465C /* Build configuration list for PBXProject "SoftUI" */;
			compatibilityVersion = "Xcode 9.3";
			developmentRegion = en;
			hasScannedForEncodings = 0;
			knownRegions = (
				en,
				Base,
			);
			mainGroup = CA249151240016AC00C7465C;
			productRefGroup = CA24915C240016AC00C7465C /* Products */;
			projectDirPath = "";
			projectRoot = "";
			targets = (
				CA24915A240016AC00C7465C /* SoftUI */,
				CA249163240016AC00C7465C /* SoftUITests */,
			);
		};
/* End PBXProject section */

/* Begin PBXResourcesBuildPhase section */
		CA249159240016AC00C7465C /* Resources */ = {
			isa = PBXResourcesBuildPhase;
			buildActionMask = 2147483647;
			files = (
				CA57D0E8248A738500D6D1B5 /* SoftCardItem.xib in Resources */,
				CA17645B2401597600770162 /* SoftUI.podspec in Resources */,
				CA57D0DE248A431F00D6D1B5 /* SoftCard.xib in Resources */,
			);
			runOnlyForDeploymentPostprocessing = 0;
		};
		CA249162240016AC00C7465C /* Resources */ = {
			isa = PBXResourcesBuildPhase;
			buildActionMask = 2147483647;
			files = (
			);
			runOnlyForDeploymentPostprocessing = 0;
		};
/* End PBXResourcesBuildPhase section */

/* Begin PBXShellScriptBuildPhase section */
		CA2491B12400316700C7465C /* ShellScript */ = {
			isa = PBXShellScriptBuildPhase;
			buildActionMask = 2147483647;
			files = (
			);
			inputFileListPaths = (
			);
			inputPaths = (
			);
			outputFileListPaths = (
			);
			outputPaths = (
			);
			runOnlyForDeploymentPostprocessing = 0;
			shellPath = /bin/sh;
			shellScript = "if which swiftlint >/dev/null; then\nswiftlint autocorrect --path \"$SRCROOT\"/SoftUI\nswiftlint --path \"$SRCROOT\"/SoftUI\nelse\necho \"warning: SwiftLint not installed, download from https://github.com/realm/SwiftLint\"\nfi\n";
		};
/* End PBXShellScriptBuildPhase section */

/* Begin PBXSourcesBuildPhase section */
		CA249157240016AC00C7465C /* Sources */ = {
			isa = PBXSourcesBuildPhase;
			buildActionMask = 2147483647;
			files = (
				CA24917B24001FEB00C7465C /* UIView+SoftUI.swift in Sources */,
				CA2491B024002B9700C7465C /* CALayer+SoftUI.swift in Sources */,
				CA2491AE24002A6F00C7465C /* Enums.swift in Sources */,
				CA57D0DC248A42D200D6D1B5 /* SoftCard.swift in Sources */,
				CA57D0E7248A738500D6D1B5 /* SoftCardItem.swift in Sources */,
				CA17645824014EF500770162 /* SoftButton.swift in Sources */,
			);
			runOnlyForDeploymentPostprocessing = 0;
		};
		CA249160240016AC00C7465C /* Sources */ = {
			isa = PBXSourcesBuildPhase;
			buildActionMask = 2147483647;
			files = (
				CA24916A240016AC00C7465C /* SoftUITests.swift in Sources */,
			);
			runOnlyForDeploymentPostprocessing = 0;
		};
/* End PBXSourcesBuildPhase section */

/* Begin PBXTargetDependency section */
		CA249167240016AC00C7465C /* PBXTargetDependency */ = {
			isa = PBXTargetDependency;
			target = CA24915A240016AC00C7465C /* SoftUI */;
			targetProxy = CA249166240016AC00C7465C /* PBXContainerItemProxy */;
		};
/* End PBXTargetDependency section */

/* Begin XCBuildConfiguration section */
		CA24916D240016AC00C7465C /* Debug */ = {
			isa = XCBuildConfiguration;
			buildSettings = {
				ALWAYS_SEARCH_USER_PATHS = NO;
				CLANG_ANALYZER_NONNULL = YES;
				CLANG_ANALYZER_NUMBER_OBJECT_CONVERSION = YES_AGGRESSIVE;
				CLANG_CXX_LANGUAGE_STANDARD = "gnu++14";
				CLANG_CXX_LIBRARY = "libc++";
				CLANG_ENABLE_MODULES = YES;
				CLANG_ENABLE_OBJC_ARC = YES;
				CLANG_ENABLE_OBJC_WEAK = YES;
				CLANG_WARN_BLOCK_CAPTURE_AUTORELEASING = YES;
				CLANG_WARN_BOOL_CONVERSION = YES;
				CLANG_WARN_COMMA = YES;
				CLANG_WARN_CONSTANT_CONVERSION = YES;
				CLANG_WARN_DEPRECATED_OBJC_IMPLEMENTATIONS = YES;
				CLANG_WARN_DIRECT_OBJC_ISA_USAGE = YES_ERROR;
				CLANG_WARN_DOCUMENTATION_COMMENTS = YES;
				CLANG_WARN_EMPTY_BODY = YES;
				CLANG_WARN_ENUM_CONVERSION = YES;
				CLANG_WARN_INFINITE_RECURSION = YES;
				CLANG_WARN_INT_CONVERSION = YES;
				CLANG_WARN_NON_LITERAL_NULL_CONVERSION = YES;
				CLANG_WARN_OBJC_IMPLICIT_RETAIN_SELF = YES;
				CLANG_WARN_OBJC_LITERAL_CONVERSION = YES;
				CLANG_WARN_OBJC_ROOT_CLASS = YES_ERROR;
				CLANG_WARN_RANGE_LOOP_ANALYSIS = YES;
				CLANG_WARN_STRICT_PROTOTYPES = YES;
				CLANG_WARN_SUSPICIOUS_MOVE = YES;
				CLANG_WARN_UNGUARDED_AVAILABILITY = YES_AGGRESSIVE;
				CLANG_WARN_UNREACHABLE_CODE = YES;
				CLANG_WARN__DUPLICATE_METHOD_MATCH = YES;
				COPY_PHASE_STRIP = NO;
				CURRENT_PROJECT_VERSION = 1;
				DEBUG_INFORMATION_FORMAT = dwarf;
				ENABLE_STRICT_OBJC_MSGSEND = YES;
				ENABLE_TESTABILITY = YES;
				GCC_C_LANGUAGE_STANDARD = gnu11;
				GCC_DYNAMIC_NO_PIC = NO;
				GCC_NO_COMMON_BLOCKS = YES;
				GCC_OPTIMIZATION_LEVEL = 0;
				GCC_PREPROCESSOR_DEFINITIONS = (
					"DEBUG=1",
					"$(inherited)",
				);
				GCC_WARN_64_TO_32_BIT_CONVERSION = YES;
				GCC_WARN_ABOUT_RETURN_TYPE = YES_ERROR;
				GCC_WARN_UNDECLARED_SELECTOR = YES;
				GCC_WARN_UNINITIALIZED_AUTOS = YES_AGGRESSIVE;
				GCC_WARN_UNUSED_FUNCTION = YES;
				GCC_WARN_UNUSED_VARIABLE = YES;
				IPHONEOS_DEPLOYMENT_TARGET = 13.2;
				MTL_ENABLE_DEBUG_INFO = INCLUDE_SOURCE;
				MTL_FAST_MATH = YES;
				ONLY_ACTIVE_ARCH = YES;
				SDKROOT = iphoneos;
				SWIFT_ACTIVE_COMPILATION_CONDITIONS = DEBUG;
				SWIFT_OPTIMIZATION_LEVEL = "-Onone";
				VERSIONING_SYSTEM = "apple-generic";
				VERSION_INFO_PREFIX = "";
			};
			name = Debug;
		};
		CA24916E240016AC00C7465C /* Release */ = {
			isa = XCBuildConfiguration;
			buildSettings = {
				ALWAYS_SEARCH_USER_PATHS = NO;
				CLANG_ANALYZER_NONNULL = YES;
				CLANG_ANALYZER_NUMBER_OBJECT_CONVERSION = YES_AGGRESSIVE;
				CLANG_CXX_LANGUAGE_STANDARD = "gnu++14";
				CLANG_CXX_LIBRARY = "libc++";
				CLANG_ENABLE_MODULES = YES;
				CLANG_ENABLE_OBJC_ARC = YES;
				CLANG_ENABLE_OBJC_WEAK = YES;
				CLANG_WARN_BLOCK_CAPTURE_AUTORELEASING = YES;
				CLANG_WARN_BOOL_CONVERSION = YES;
				CLANG_WARN_COMMA = YES;
				CLANG_WARN_CONSTANT_CONVERSION = YES;
				CLANG_WARN_DEPRECATED_OBJC_IMPLEMENTATIONS = YES;
				CLANG_WARN_DIRECT_OBJC_ISA_USAGE = YES_ERROR;
				CLANG_WARN_DOCUMENTATION_COMMENTS = YES;
				CLANG_WARN_EMPTY_BODY = YES;
				CLANG_WARN_ENUM_CONVERSION = YES;
				CLANG_WARN_INFINITE_RECURSION = YES;
				CLANG_WARN_INT_CONVERSION = YES;
				CLANG_WARN_NON_LITERAL_NULL_CONVERSION = YES;
				CLANG_WARN_OBJC_IMPLICIT_RETAIN_SELF = YES;
				CLANG_WARN_OBJC_LITERAL_CONVERSION = YES;
				CLANG_WARN_OBJC_ROOT_CLASS = YES_ERROR;
				CLANG_WARN_RANGE_LOOP_ANALYSIS = YES;
				CLANG_WARN_STRICT_PROTOTYPES = YES;
				CLANG_WARN_SUSPICIOUS_MOVE = YES;
				CLANG_WARN_UNGUARDED_AVAILABILITY = YES_AGGRESSIVE;
				CLANG_WARN_UNREACHABLE_CODE = YES;
				CLANG_WARN__DUPLICATE_METHOD_MATCH = YES;
				COPY_PHASE_STRIP = NO;
				CURRENT_PROJECT_VERSION = 1;
				DEBUG_INFORMATION_FORMAT = "dwarf-with-dsym";
				ENABLE_NS_ASSERTIONS = NO;
				ENABLE_STRICT_OBJC_MSGSEND = YES;
				GCC_C_LANGUAGE_STANDARD = gnu11;
				GCC_NO_COMMON_BLOCKS = YES;
				GCC_WARN_64_TO_32_BIT_CONVERSION = YES;
				GCC_WARN_ABOUT_RETURN_TYPE = YES_ERROR;
				GCC_WARN_UNDECLARED_SELECTOR = YES;
				GCC_WARN_UNINITIALIZED_AUTOS = YES_AGGRESSIVE;
				GCC_WARN_UNUSED_FUNCTION = YES;
				GCC_WARN_UNUSED_VARIABLE = YES;
				IPHONEOS_DEPLOYMENT_TARGET = 13.2;
				MTL_ENABLE_DEBUG_INFO = NO;
				MTL_FAST_MATH = YES;
				SDKROOT = iphoneos;
				SWIFT_COMPILATION_MODE = wholemodule;
				SWIFT_OPTIMIZATION_LEVEL = "-O";
				VALIDATE_PRODUCT = YES;
				VERSIONING_SYSTEM = "apple-generic";
				VERSION_INFO_PREFIX = "";
			};
			name = Release;
		};
		CA249170240016AC00C7465C /* Debug */ = {
			isa = XCBuildConfiguration;
			buildSettings = {
				CLANG_ENABLE_MODULES = YES;
				CODE_SIGN_STYLE = Automatic;
				DEFINES_MODULE = YES;
				DEVELOPMENT_TEAM = FV47G7RKX5;
				DYLIB_COMPATIBILITY_VERSION = 1;
				DYLIB_CURRENT_VERSION = 1;
				DYLIB_INSTALL_NAME_BASE = "@rpath";
				INFOPLIST_FILE = SoftUI/Info.plist;
				INSTALL_PATH = "$(LOCAL_LIBRARY_DIR)/Frameworks";
				IPHONEOS_DEPLOYMENT_TARGET = 11.0;
				LD_RUNPATH_SEARCH_PATHS = (
					"$(inherited)",
					"@executable_path/Frameworks",
					"@loader_path/Frameworks",
				);
				MARKETING_VERSION = 0.0.3;
				PRODUCT_BUNDLE_IDENTIFIER = com.hellc.SoftUI;
				PRODUCT_NAME = "$(TARGET_NAME:c99extidentifier)";
				SKIP_INSTALL = YES;
				SWIFT_OPTIMIZATION_LEVEL = "-Onone";
				SWIFT_VERSION = 5.0;
				TARGETED_DEVICE_FAMILY = "1,2";
			};
			name = Debug;
		};
		CA249171240016AC00C7465C /* Release */ = {
			isa = XCBuildConfiguration;
			buildSettings = {
				CLANG_ENABLE_MODULES = YES;
				CODE_SIGN_STYLE = Automatic;
				DEFINES_MODULE = YES;
				DEVELOPMENT_TEAM = FV47G7RKX5;
				DYLIB_COMPATIBILITY_VERSION = 1;
				DYLIB_CURRENT_VERSION = 1;
				DYLIB_INSTALL_NAME_BASE = "@rpath";
				INFOPLIST_FILE = SoftUI/Info.plist;
				INSTALL_PATH = "$(LOCAL_LIBRARY_DIR)/Frameworks";
				IPHONEOS_DEPLOYMENT_TARGET = 11.0;
				LD_RUNPATH_SEARCH_PATHS = (
					"$(inherited)",
					"@executable_path/Frameworks",
					"@loader_path/Frameworks",
				);
				MARKETING_VERSION = 0.0.3;
				PRODUCT_BUNDLE_IDENTIFIER = com.hellc.SoftUI;
				PRODUCT_NAME = "$(TARGET_NAME:c99extidentifier)";
				SKIP_INSTALL = YES;
				SWIFT_VERSION = 5.0;
				TARGETED_DEVICE_FAMILY = "1,2";
			};
			name = Release;
		};
		CA249173240016AC00C7465C /* Debug */ = {
			isa = XCBuildConfiguration;
			buildSettings = {
				ALWAYS_EMBED_SWIFT_STANDARD_LIBRARIES = YES;
				CODE_SIGN_STYLE = Automatic;
				DEVELOPMENT_TEAM = FV47G7RKX5;
				INFOPLIST_FILE = SoftUITests/Info.plist;
				LD_RUNPATH_SEARCH_PATHS = (
					"$(inherited)",
					"@executable_path/Frameworks",
					"@loader_path/Frameworks",
				);
				PRODUCT_BUNDLE_IDENTIFIER = com.hellc.SoftUITests;
				PRODUCT_NAME = "$(TARGET_NAME)";
				SWIFT_VERSION = 5.0;
				TARGETED_DEVICE_FAMILY = "1,2";
			};
			name = Debug;
		};
		CA249174240016AC00C7465C /* Release */ = {
			isa = XCBuildConfiguration;
			buildSettings = {
				ALWAYS_EMBED_SWIFT_STANDARD_LIBRARIES = YES;
				CODE_SIGN_STYLE = Automatic;
				DEVELOPMENT_TEAM = FV47G7RKX5;
				INFOPLIST_FILE = SoftUITests/Info.plist;
				LD_RUNPATH_SEARCH_PATHS = (
					"$(inherited)",
					"@executable_path/Frameworks",
					"@loader_path/Frameworks",
				);
				PRODUCT_BUNDLE_IDENTIFIER = com.hellc.SoftUITests;
				PRODUCT_NAME = "$(TARGET_NAME)";
				SWIFT_VERSION = 5.0;
				TARGETED_DEVICE_FAMILY = "1,2";
			};
			name = Release;
		};
/* End XCBuildConfiguration section */

/* Begin XCConfigurationList section */
		CA249155240016AC00C7465C /* Build configuration list for PBXProject "SoftUI" */ = {
			isa = XCConfigurationList;
			buildConfigurations = (
				CA24916D240016AC00C7465C /* Debug */,
				CA24916E240016AC00C7465C /* Release */,
			);
			defaultConfigurationIsVisible = 0;
			defaultConfigurationName = Release;
		};
		CA24916F240016AC00C7465C /* Build configuration list for PBXNativeTarget "SoftUI" */ = {
			isa = XCConfigurationList;
			buildConfigurations = (
				CA249170240016AC00C7465C /* Debug */,
				CA249171240016AC00C7465C /* Release */,
			);
			defaultConfigurationIsVisible = 0;
			defaultConfigurationName = Release;
		};
		CA249172240016AC00C7465C /* Build configuration list for PBXNativeTarget "SoftUITests" */ = {
			isa = XCConfigurationList;
			buildConfigurations = (
				CA249173240016AC00C7465C /* Debug */,
				CA249174240016AC00C7465C /* Release */,
			);
			defaultConfigurationIsVisible = 0;
			defaultConfigurationName = Release;
		};
/* End XCConfigurationList section */
	};
	rootObject = CA249152240016AC00C7465C /* Project object */;
}
